
Microsoft Visual Studio Solution File, Format Version 12.00
# Visual Studio Version 16
VisualStudioVersion = 16.0.31025.194
MinimumVisualStudioVersion = 10.0.40219.1
Project("{FAE04EC0-301F-11D3-BF4B-00C04F79EFBC}") = "Factory.NetOptimized", "Factory.NetOptimized\Factory.NetOptimized.csproj", "{D0BD7736-0414-4922-9DF7-2AC0C33E40BB}"
EndProject
Project("{FAE04EC0-301F-11D3-BF4B-00C04F79EFBC}") = "Factory.Structural", "Factory.Structural\Factory.Structural.csproj", "{DC886741-0AE4-4259-91C6-EAC1162830F6}"
EndProject
Project("{FAE04EC0-301F-11D3-BF4B-00C04F79EFBC}") = "Factory.RealWorld", "Factory.RealWorld\Factory.RealWorld.csproj", "{203224A6-3AF9-46B1-A36E-220EEE9EBC43}"
EndProject
Global
	GlobalSection(SolutionConfigurationPlatforms) = preSolution
		Debug|Any CPU = Debug|Any CPU
		Release|Any CPU = Release|Any CPU
	EndGlobalSection
	GlobalSection(ProjectConfigurationPlatforms) = postSolution
		{D0BD7736-0414-4922-9DF7-2AC0C33E40BB}.Debug|Any CPU.ActiveCfg = Debug|Any CPU
		{D0BD7736-0414-4922-9DF7-2AC0C33E40BB}.Debug|Any CPU.Build.0 = Debug|Any CPU
		{D0BD7736-0414-4922-9DF7-2AC0C33E40BB}.Release|Any CPU.ActiveCfg = Release|Any CPU
		{D0BD7736-0414-4922-9DF7-2AC0C33E40BB}.Release|Any CPU.Build.0 = Release|Any CPU
		{DC886741-0AE4-4259-91C6-EAC1162830F6}.Debug|Any CPU.ActiveCfg = Debug|Any CPU
		{DC886741-0AE4-4259-91C6-EAC1162830F6}.Debug|Any CPU.Build.0 = Debug|Any CPU
		{DC886741-0AE4-4259-91C6-EAC1162830F6}.Release|Any CPU.ActiveCfg = Release|Any CPU
		{DC886741-0AE4-4259-91C6-EAC1162830F6}.Release|Any CPU.Build.0 = Release|Any CPU
		{203224A6-3AF9-46B1-A36E-220EEE9EBC43}.Debug|Any CPU.ActiveCfg = Debug|Any CPU
		{203224A6-3AF9-46B1-A36E-220EEE9EBC43}.Debug|Any CPU.Build.0 = Debug|Any CPU
		{203224A6-3AF9-46B1-A36E-220EEE9EBC43}.Release|Any CPU.ActiveCfg = Release|Any CPU
		{203224A6-3AF9-46B1-A36E-220EEE9EBC43}.Release|Any CPU.Build.0 = Release|Any CPU
	EndGlobalSection
	GlobalSection(SolutionProperties) = preSolution
		HideSolutionNode = FALSE
	EndGlobalSection
	GlobalSection(ExtensibilityGlobals) = postSolution
		SolutionGuid = {6FEB1E07-F601-4515-A811-8331C5D3C115}
	EndGlobalSection
EndGlobal
